// !$*UTF8*$!
{
	archiveVersion = 1;
	classes = {
	};
	objectVersion = 46;
	objects = {

/* Begin PBXBuildFile section */
		2F0B8D861EE1E07500161BFA /* RichTextViewController.swift in Sources */ = {isa = PBXBuildFile; fileRef = 2F0B8D851EE1E07500161BFA /* RichTextViewController.swift */; };
		2F1050DD1EE32EC100274FD2 /* TextEditorKeyboardDelegate.swift in Sources */ = {isa = PBXBuildFile; fileRef = 2F1050DC1EE32EC100274FD2 /* TextEditorKeyboardDelegate.swift */; };
		2F1050DF1EE3538000274FD2 /* TextEditorOptions.swift in Sources */ = {isa = PBXBuildFile; fileRef = 2F1050DE1EE3538000274FD2 /* TextEditorOptions.swift */; };
		2F23149F1ED6269100571E5C /* File.swift in Sources */ = {isa = PBXBuildFile; fileRef = 2F23149E1ED6269100571E5C /* File.swift */; };
		2F2314A11ED64E2400571E5C /* PathExtensions.swift in Sources */ = {isa = PBXBuildFile; fileRef = 2F2314A01ED64E2400571E5C /* PathExtensions.swift */; };
		2F2314A51ED750FD00571E5C /* SortingOptions.swift in Sources */ = {isa = PBXBuildFile; fileRef = 2F2314A41ED750FD00571E5C /* SortingOptions.swift */; };
		2F2A391C1EC114FF00360C19 /* SettingsHome.swift in Sources */ = {isa = PBXBuildFile; fileRef = 2F2A391B1EC114FF00360C19 /* SettingsHome.swift */; };
		2F2A391E1EC116D700360C19 /* PasscodeSettings.swift in Sources */ = {isa = PBXBuildFile; fileRef = 2F2A391D1EC116D700360C19 /* PasscodeSettings.swift */; };
		2F2A39301EC4D0EB00360C19 /* PasscodeView.swift in Sources */ = {isa = PBXBuildFile; fileRef = 2F2A392F1EC4D0EB00360C19 /* PasscodeView.swift */; };
		2F2A39331EC4D7D500360C19 /* EmailSettingsView.swift in Sources */ = {isa = PBXBuildFile; fileRef = 2F2A39321EC4D7D500360C19 /* EmailSettingsView.swift */; };
		2F4A75741ED4A1D900B25294 /* QueueViewController.swift in Sources */ = {isa = PBXBuildFile; fileRef = 2F4A75731ED4A1D900B25294 /* QueueViewController.swift */; };
		2F4D67CD1EA5351B00A81573 /* AppDelegate.swift in Sources */ = {isa = PBXBuildFile; fileRef = 2F4D67CC1EA5351B00A81573 /* AppDelegate.swift */; };
		2F4D67D21EA5351B00A81573 /* Main.storyboard in Resources */ = {isa = PBXBuildFile; fileRef = 2F4D67D01EA5351B00A81573 /* Main.storyboard */; };
		2F4D67D41EA5351B00A81573 /* Assets.xcassets in Resources */ = {isa = PBXBuildFile; fileRef = 2F4D67D31EA5351B00A81573 /* Assets.xcassets */; };
		2F4D67D71EA5351B00A81573 /* LaunchScreen.storyboard in Resources */ = {isa = PBXBuildFile; fileRef = 2F4D67D51EA5351B00A81573 /* LaunchScreen.storyboard */; };
		2F4D67F31EA53AB400A81573 /* Cells.swift in Sources */ = {isa = PBXBuildFile; fileRef = 2F4D67F21EA53AB400A81573 /* Cells.swift */; };
		2F4D68001EA67DE000A81573 /* MediaPickerViewController.swift in Sources */ = {isa = PBXBuildFile; fileRef = 2F4D67FF1EA67DE000A81573 /* MediaPickerViewController.swift */; };
		2F6E5A1F1EE1CB2100B36CD8 /* FileActionMenuView.swift in Sources */ = {isa = PBXBuildFile; fileRef = 2F6E5A1E1EE1CB2100B36CD8 /* FileActionMenuView.swift */; };
		2F76FF871EBFAA25004B69AB /* DeviceModel.swift in Sources */ = {isa = PBXBuildFile; fileRef = 2F76FF861EBFAA25004B69AB /* DeviceModel.swift */; };
		2F799F001EDB09F000FF7E18 /* FileActionMenuExtension.swift in Sources */ = {isa = PBXBuildFile; fileRef = 2F799EFF1EDB09F000FF7E18 /* FileActionMenuExtension.swift */; };
		2F799F041EDB453400FF7E18 /* UIProgressRing.swift in Sources */ = {isa = PBXBuildFile; fileRef = 2F799F031EDB453400FF7E18 /* UIProgressRing.swift */; };
		2F799F061EDB486600FF7E18 /* ImportViewController.swift in Sources */ = {isa = PBXBuildFile; fileRef = 2F799F051EDB486600FF7E18 /* ImportViewController.swift */; };
		2F799F0C1EDC915000FF7E18 /* ComputerImportViewController.swift in Sources */ = {isa = PBXBuildFile; fileRef = 2F799F0B1EDC915000FF7E18 /* ComputerImportViewController.swift */; };
		2F7D153B1EAE87AF000490A6 /* AirlaunchViewController.swift in Sources */ = {isa = PBXBuildFile; fileRef = 2F7D153A1EAE87AF000490A6 /* AirlaunchViewController.swift */; };
		2F7D15491EAE99CC000490A6 /* ErrorNotifiable.swift in Sources */ = {isa = PBXBuildFile; fileRef = 2F7D153E1EAE99CC000490A6 /* ErrorNotifiable.swift */; };
		2F7D154B1EAE99CC000490A6 /* FolderRetreiveable.swift in Sources */ = {isa = PBXBuildFile; fileRef = 2F7D15401EAE99CC000490A6 /* FolderRetreiveable.swift */; };
		2F7D154C1EAE99CC000490A6 /* ImportHandeable.swift in Sources */ = {isa = PBXBuildFile; fileRef = 2F7D15411EAE99CC000490A6 /* ImportHandeable.swift */; };
		2F7D154D1EAE99CC000490A6 /* NativeExtensions.swift in Sources */ = {isa = PBXBuildFile; fileRef = 2F7D15421EAE99CC000490A6 /* NativeExtensions.swift */; };
		2F7D154E1EAE99CC000490A6 /* Protocols.swift in Sources */ = {isa = PBXBuildFile; fileRef = 2F7D15431EAE99CC000490A6 /* Protocols.swift */; };
		2F7D15511EAE99CC000490A6 /* UserLibraryRetreivable.swift in Sources */ = {isa = PBXBuildFile; fileRef = 2F7D15461EAE99CC000490A6 /* UserLibraryRetreivable.swift */; };
		2F7D15531EAE9DB1000490A6 /* NetworkingInfo.swift in Sources */ = {isa = PBXBuildFile; fileRef = 2F7D15521EAE9DB1000490A6 /* NetworkingInfo.swift */; };
		2F8E966B1EE3214A000DBEAB /* TextEditorKeyboardAccessory.swift in Sources */ = {isa = PBXBuildFile; fileRef = 2F8E966A1EE3214A000DBEAB /* TextEditorKeyboardAccessory.swift */; };
		2FAAE00E1EE74056007C98BA /* UIAttributedActionSheet.swift in Sources */ = {isa = PBXBuildFile; fileRef = 2FAAE00D1EE74056007C98BA /* UIAttributedActionSheet.swift */; };
		2FAAE0101EE7412F007C98BA /* UIAttributedActionSheetDelegate.swift in Sources */ = {isa = PBXBuildFile; fileRef = 2FAAE00F1EE7412F007C98BA /* UIAttributedActionSheetDelegate.swift */; };
		2FAAE0121EE742E4007C98BA /* UIAttributedActionSheetCell.swift in Sources */ = {isa = PBXBuildFile; fileRef = 2FAAE0111EE742E4007C98BA /* UIAttributedActionSheetCell.swift */; };
		2FC2C54A1EE484CD00E947DB /* UIButtonMenu.xib in Resources */ = {isa = PBXBuildFile; fileRef = 2FC2C5491EE484CD00E947DB /* UIButtonMenu.xib */; };
		2FE695361EAFA4D1005A9937 /* AirlaunchServers.swift in Sources */ = {isa = PBXBuildFile; fileRef = 2FE695351EAFA4D1005A9937 /* AirlaunchServers.swift */; };
		2FE695451EAFC669005A9937 /* websiteResources in Resources */ = {isa = PBXBuildFile; fileRef = 2FE695441EAFC669005A9937 /* websiteResources */; };
		2FE6956A1EB115B8005A9937 /* AirlaunchBrowser.swift in Sources */ = {isa = PBXBuildFile; fileRef = 2FE695691EB115B8005A9937 /* AirlaunchBrowser.swift */; };
		2FE6956C1EB14BA3005A9937 /* UploadHandleable.swift in Sources */ = {isa = PBXBuildFile; fileRef = 2FE6956B1EB14BA3005A9937 /* UploadHandleable.swift */; };
		2FE695701EB4E8FC005A9937 /* WebViewController.swift in Sources */ = {isa = PBXBuildFile; fileRef = 2FE6956F1EB4E8FC005A9937 /* WebViewController.swift */; };
		2FE696001EB7D3F7005A9937 /* DependencyLinks.swift in Sources */ = {isa = PBXBuildFile; fileRef = 2FE695FF1EB7D3F7005A9937 /* DependencyLinks.swift */; };
		2FE696021EB7DA79005A9937 /* POSTServers.swift in Sources */ = {isa = PBXBuildFile; fileRef = 2FE696011EB7DA79005A9937 /* POSTServers.swift */; };
		2FE696041EB7F75B005A9937 /* ErrorPage.swift in Sources */ = {isa = PBXBuildFile; fileRef = 2FE696031EB7F75B005A9937 /* ErrorPage.swift */; };
		2FECC0521EC8F62E00228091 /* Dependable.swift in Sources */ = {isa = PBXBuildFile; fileRef = 2FECC0511EC8F62E00228091 /* Dependable.swift */; };
		2FECC0541ECA38A000228091 /* Adaptable.swift in Sources */ = {isa = PBXBuildFile; fileRef = 2FECC0531ECA38A000228091 /* Adaptable.swift */; };
		2FECC0581ECB97C200228091 /* AuthenticationView.swift in Sources */ = {isa = PBXBuildFile; fileRef = 2FECC0571ECB97C200228091 /* AuthenticationView.swift */; };
		2FF151F51ECF654F00E596DA /* ImageViewController.swift in Sources */ = {isa = PBXBuildFile; fileRef = 2FF151F41ECF654F00E596DA /* ImageViewController.swift */; };
		2FF9E3361ED322A40038DD41 /* FileViewer.swift in Sources */ = {isa = PBXBuildFile; fileRef = 2FF9E3351ED322A40038DD41 /* FileViewer.swift */; };
		2FF9E3381ED368DF0038DD41 /* FileViewControllerr.swift in Sources */ = {isa = PBXBuildFile; fileRef = 2FF9E3371ED368DF0038DD41 /* FileViewControllerr.swift */; };
		2FF9E33A1ED378000038DD41 /* FolderViewControllerr.swift in Sources */ = {isa = PBXBuildFile; fileRef = 2FF9E3391ED378000038DD41 /* FolderViewControllerr.swift */; };
		2FF9E33C1ED382630038DD41 /* InitialNavigationController.swift in Sources */ = {isa = PBXBuildFile; fileRef = 2FF9E33B1ED382630038DD41 /* InitialNavigationController.swift */; };
		D637718E276071B7F53C1444 /* Pods_Pocket_Clouds.framework in Frameworks */ = {isa = PBXBuildFile; fileRef = C8A11D871FE53CDCBBD1BD78 /* Pods_Pocket_Clouds.framework */; };
/* End PBXBuildFile section */

/* Begin PBXFileReference section */
		017B5AEB7A605D56B8DE8709 /* Pods-Pocket Clouds.debug.xcconfig */ = {isa = PBXFileReference; includeInIndex = 1; lastKnownFileType = text.xcconfig; name = "Pods-Pocket Clouds.debug.xcconfig"; path = "Pods/Target Support Files/Pods-Pocket Clouds/Pods-Pocket Clouds.debug.xcconfig"; sourceTree = "<group>"; };
		2F0B8D851EE1E07500161BFA /* RichTextViewController.swift */ = {isa = PBXFileReference; fileEncoding = 4; lastKnownFileType = sourcecode.swift; path = RichTextViewController.swift; sourceTree = "<group>"; };
		2F1050DC1EE32EC100274FD2 /* TextEditorKeyboardDelegate.swift */ = {isa = PBXFileReference; fileEncoding = 4; lastKnownFileType = sourcecode.swift; path = TextEditorKeyboardDelegate.swift; sourceTree = "<group>"; };
		2F1050DE1EE3538000274FD2 /* TextEditorOptions.swift */ = {isa = PBXFileReference; fileEncoding = 4; lastKnownFileType = sourcecode.swift; path = TextEditorOptions.swift; sourceTree = "<group>"; };
		2F23149E1ED6269100571E5C /* File.swift */ = {isa = PBXFileReference; fileEncoding = 4; lastKnownFileType = sourcecode.swift; path = File.swift; sourceTree = "<group>"; };
		2F2314A01ED64E2400571E5C /* PathExtensions.swift */ = {isa = PBXFileReference; fileEncoding = 4; lastKnownFileType = sourcecode.swift; path = PathExtensions.swift; sourceTree = "<group>"; };
		2F2314A41ED750FD00571E5C /* SortingOptions.swift */ = {isa = PBXFileReference; fileEncoding = 4; lastKnownFileType = sourcecode.swift; path = SortingOptions.swift; sourceTree = "<group>"; };
		2F2A391B1EC114FF00360C19 /* SettingsHome.swift */ = {isa = PBXFileReference; fileEncoding = 4; lastKnownFileType = sourcecode.swift; path = SettingsHome.swift; sourceTree = "<group>"; };
		2F2A391D1EC116D700360C19 /* PasscodeSettings.swift */ = {isa = PBXFileReference; fileEncoding = 4; lastKnownFileType = sourcecode.swift; path = PasscodeSettings.swift; sourceTree = "<group>"; };
		2F2A392F1EC4D0EB00360C19 /* PasscodeView.swift */ = {isa = PBXFileReference; fileEncoding = 4; lastKnownFileType = sourcecode.swift; path = PasscodeView.swift; sourceTree = "<group>"; };
		2F2A39321EC4D7D500360C19 /* EmailSettingsView.swift */ = {isa = PBXFileReference; fileEncoding = 4; lastKnownFileType = sourcecode.swift; path = EmailSettingsView.swift; sourceTree = "<group>"; };
		2F4A75731ED4A1D900B25294 /* QueueViewController.swift */ = {isa = PBXFileReference; fileEncoding = 4; lastKnownFileType = sourcecode.swift; path = QueueViewController.swift; sourceTree = "<group>"; };
		2F4D67C91EA5351B00A81573 /* Pocket Clouds.app */ = {isa = PBXFileReference; explicitFileType = wrapper.application; includeInIndex = 0; path = "Pocket Clouds.app"; sourceTree = BUILT_PRODUCTS_DIR; };
		2F4D67CC1EA5351B00A81573 /* AppDelegate.swift */ = {isa = PBXFileReference; lastKnownFileType = sourcecode.swift; path = AppDelegate.swift; sourceTree = "<group>"; };
		2F4D67D11EA5351B00A81573 /* Base */ = {isa = PBXFileReference; lastKnownFileType = file.storyboard; name = Base; path = Base.lproj/Main.storyboard; sourceTree = "<group>"; };
		2F4D67D31EA5351B00A81573 /* Assets.xcassets */ = {isa = PBXFileReference; lastKnownFileType = folder.assetcatalog; path = Assets.xcassets; sourceTree = "<group>"; };
		2F4D67D61EA5351B00A81573 /* Base */ = {isa = PBXFileReference; lastKnownFileType = file.storyboard; name = Base; path = Base.lproj/LaunchScreen.storyboard; sourceTree = "<group>"; };
		2F4D67D81EA5351B00A81573 /* Info.plist */ = {isa = PBXFileReference; lastKnownFileType = text.plist.xml; path = Info.plist; sourceTree = "<group>"; };
		2F4D67F21EA53AB400A81573 /* Cells.swift */ = {isa = PBXFileReference; fileEncoding = 4; lastKnownFileType = sourcecode.swift; name = Cells.swift; path = ../Cells.swift; sourceTree = "<group>"; };
		2F4D67FF1EA67DE000A81573 /* MediaPickerViewController.swift */ = {isa = PBXFileReference; fileEncoding = 4; lastKnownFileType = sourcecode.swift; name = MediaPickerViewController.swift; path = ../MediaPickerViewController.swift; sourceTree = "<group>"; };
		2F6E5A1E1EE1CB2100B36CD8 /* FileActionMenuView.swift */ = {isa = PBXFileReference; fileEncoding = 4; lastKnownFileType = sourcecode.swift; path = FileActionMenuView.swift; sourceTree = "<group>"; };
		2F76FF861EBFAA25004B69AB /* DeviceModel.swift */ = {isa = PBXFileReference; fileEncoding = 4; lastKnownFileType = sourcecode.swift; name = DeviceModel.swift; path = ../../DeviceModel.swift; sourceTree = "<group>"; };
		2F799EFF1EDB09F000FF7E18 /* FileActionMenuExtension.swift */ = {isa = PBXFileReference; fileEncoding = 4; lastKnownFileType = sourcecode.swift; path = FileActionMenuExtension.swift; sourceTree = "<group>"; };
		2F799F031EDB453400FF7E18 /* UIProgressRing.swift */ = {isa = PBXFileReference; fileEncoding = 4; lastKnownFileType = sourcecode.swift; path = UIProgressRing.swift; sourceTree = "<group>"; };
		2F799F051EDB486600FF7E18 /* ImportViewController.swift */ = {isa = PBXFileReference; fileEncoding = 4; lastKnownFileType = sourcecode.swift; path = ImportViewController.swift; sourceTree = "<group>"; };
		2F799F0B1EDC915000FF7E18 /* ComputerImportViewController.swift */ = {isa = PBXFileReference; fileEncoding = 4; lastKnownFileType = sourcecode.swift; path = ComputerImportViewController.swift; sourceTree = "<group>"; };
		2F7D153A1EAE87AF000490A6 /* AirlaunchViewController.swift */ = {isa = PBXFileReference; fileEncoding = 4; lastKnownFileType = sourcecode.swift; name = AirlaunchViewController.swift; path = "Pocket Clouds/AirlaunchViewController.swift"; sourceTree = SOURCE_ROOT; };
		2F7D153E1EAE99CC000490A6 /* ErrorNotifiable.swift */ = {isa = PBXFileReference; fileEncoding = 4; lastKnownFileType = sourcecode.swift; path = ErrorNotifiable.swift; sourceTree = "<group>"; };
		2F7D15401EAE99CC000490A6 /* FolderRetreiveable.swift */ = {isa = PBXFileReference; fileEncoding = 4; lastKnownFileType = sourcecode.swift; path = FolderRetreiveable.swift; sourceTree = "<group>"; };
		2F7D15411EAE99CC000490A6 /* ImportHandeable.swift */ = {isa = PBXFileReference; fileEncoding = 4; lastKnownFileType = sourcecode.swift; path = ImportHandeable.swift; sourceTree = "<group>"; };
		2F7D15421EAE99CC000490A6 /* NativeExtensions.swift */ = {isa = PBXFileReference; fileEncoding = 4; lastKnownFileType = sourcecode.swift; path = NativeExtensions.swift; sourceTree = "<group>"; };
		2F7D15431EAE99CC000490A6 /* Protocols.swift */ = {isa = PBXFileReference; fileEncoding = 4; lastKnownFileType = sourcecode.swift; name = Protocols.swift; path = "Pocket Clouds/Protocols/Protocols.swift"; sourceTree = SOURCE_ROOT; };
		2F7D15461EAE99CC000490A6 /* UserLibraryRetreivable.swift */ = {isa = PBXFileReference; fileEncoding = 4; lastKnownFileType = sourcecode.swift; path = UserLibraryRetreivable.swift; sourceTree = "<group>"; };
		2F7D15521EAE9DB1000490A6 /* NetworkingInfo.swift */ = {isa = PBXFileReference; fileEncoding = 4; lastKnownFileType = sourcecode.swift; name = NetworkingInfo.swift; path = ../NetworkingInfo.swift; sourceTree = "<group>"; };
		2F8E966A1EE3214A000DBEAB /* TextEditorKeyboardAccessory.swift */ = {isa = PBXFileReference; fileEncoding = 4; lastKnownFileType = sourcecode.swift; path = TextEditorKeyboardAccessory.swift; sourceTree = "<group>"; };
		2FAAE00D1EE74056007C98BA /* UIAttributedActionSheet.swift */ = {isa = PBXFileReference; fileEncoding = 4; lastKnownFileType = sourcecode.swift; name = UIAttributedActionSheet.swift; path = ../UIAttributedActionSheet.swift; sourceTree = "<group>"; };
		2FAAE00F1EE7412F007C98BA /* UIAttributedActionSheetDelegate.swift */ = {isa = PBXFileReference; fileEncoding = 4; lastKnownFileType = sourcecode.swift; path = UIAttributedActionSheetDelegate.swift; sourceTree = "<group>"; };
		2FAAE0111EE742E4007C98BA /* UIAttributedActionSheetCell.swift */ = {isa = PBXFileReference; fileEncoding = 4; lastKnownFileType = sourcecode.swift; path = UIAttributedActionSheetCell.swift; sourceTree = "<group>"; };
		2FC2C5491EE484CD00E947DB /* UIButtonMenu.xib */ = {isa = PBXFileReference; fileEncoding = 4; lastKnownFileType = file.xib; path = UIButtonMenu.xib; sourceTree = "<group>"; };
		2FE695351EAFA4D1005A9937 /* AirlaunchServers.swift */ = {isa = PBXFileReference; fileEncoding = 4; lastKnownFileType = sourcecode.swift; name = AirlaunchServers.swift; path = "Pocket Clouds/AirlaunchServers.swift"; sourceTree = SOURCE_ROOT; };
		2FE695441EAFC669005A9937 /* websiteResources */ = {isa = PBXFileReference; lastKnownFileType = folder; path = websiteResources; sourceTree = "<group>"; };
		2FE695691EB115B8005A9937 /* AirlaunchBrowser.swift */ = {isa = PBXFileReference; fileEncoding = 4; lastKnownFileType = sourcecode.swift; name = AirlaunchBrowser.swift; path = "Pocket Clouds/AirlaunchBrowser.swift"; sourceTree = SOURCE_ROOT; };
		2FE6956B1EB14BA3005A9937 /* UploadHandleable.swift */ = {isa = PBXFileReference; fileEncoding = 4; lastKnownFileType = sourcecode.swift; path = UploadHandleable.swift; sourceTree = "<group>"; };
		2FE6956F1EB4E8FC005A9937 /* WebViewController.swift */ = {isa = PBXFileReference; fileEncoding = 4; lastKnownFileType = sourcecode.swift; name = WebViewController.swift; path = ../WebViewController.swift; sourceTree = "<group>"; };
		2FE695FF1EB7D3F7005A9937 /* DependencyLinks.swift */ = {isa = PBXFileReference; fileEncoding = 4; lastKnownFileType = sourcecode.swift; name = DependencyLinks.swift; path = ../DependencyLinks.swift; sourceTree = "<group>"; };
		2FE696011EB7DA79005A9937 /* POSTServers.swift */ = {isa = PBXFileReference; fileEncoding = 4; lastKnownFileType = sourcecode.swift; name = POSTServers.swift; path = ../POSTServers.swift; sourceTree = "<group>"; };
		2FE696031EB7F75B005A9937 /* ErrorPage.swift */ = {isa = PBXFileReference; fileEncoding = 4; lastKnownFileType = sourcecode.swift; name = ErrorPage.swift; path = ../ErrorPage.swift; sourceTree = "<group>"; };
		2FECC0511EC8F62E00228091 /* Dependable.swift */ = {isa = PBXFileReference; fileEncoding = 4; lastKnownFileType = sourcecode.swift; path = Dependable.swift; sourceTree = "<group>"; };
		2FECC0531ECA38A000228091 /* Adaptable.swift */ = {isa = PBXFileReference; fileEncoding = 4; lastKnownFileType = sourcecode.swift; path = Adaptable.swift; sourceTree = "<group>"; };
		2FECC0571ECB97C200228091 /* AuthenticationView.swift */ = {isa = PBXFileReference; fileEncoding = 4; lastKnownFileType = sourcecode.swift; name = AuthenticationView.swift; path = ../AuthenticationView.swift; sourceTree = "<group>"; };
		2FF151F41ECF654F00E596DA /* ImageViewController.swift */ = {isa = PBXFileReference; fileEncoding = 4; lastKnownFileType = sourcecode.swift; path = ImageViewController.swift; sourceTree = "<group>"; };
		2FF9E3351ED322A40038DD41 /* FileViewer.swift */ = {isa = PBXFileReference; fileEncoding = 4; lastKnownFileType = sourcecode.swift; path = FileViewer.swift; sourceTree = "<group>"; };
		2FF9E3371ED368DF0038DD41 /* FileViewControllerr.swift */ = {isa = PBXFileReference; fileEncoding = 4; lastKnownFileType = sourcecode.swift; path = FileViewControllerr.swift; sourceTree = "<group>"; };
		2FF9E3391ED378000038DD41 /* FolderViewControllerr.swift */ = {isa = PBXFileReference; fileEncoding = 4; lastKnownFileType = sourcecode.swift; path = FolderViewControllerr.swift; sourceTree = "<group>"; };
		2FF9E33B1ED382630038DD41 /* InitialNavigationController.swift */ = {isa = PBXFileReference; fileEncoding = 4; lastKnownFileType = sourcecode.swift; path = InitialNavigationController.swift; sourceTree = "<group>"; };
		C8A11D871FE53CDCBBD1BD78 /* Pods_Pocket_Clouds.framework */ = {isa = PBXFileReference; explicitFileType = wrapper.framework; includeInIndex = 0; path = Pods_Pocket_Clouds.framework; sourceTree = BUILT_PRODUCTS_DIR; };
		ED5E82688616B91BFAC946FB /* Pods-Pocket Clouds.release.xcconfig */ = {isa = PBXFileReference; includeInIndex = 1; lastKnownFileType = text.xcconfig; name = "Pods-Pocket Clouds.release.xcconfig"; path = "Pods/Target Support Files/Pods-Pocket Clouds/Pods-Pocket Clouds.release.xcconfig"; sourceTree = "<group>"; };
/* End PBXFileReference section */

/* Begin PBXFrameworksBuildPhase section */
		2F4D67C61EA5351B00A81573 /* Frameworks */ = {
			isa = PBXFrameworksBuildPhase;
			buildActionMask = 2147483647;
			files = (
				D637718E276071B7F53C1444 /* Pods_Pocket_Clouds.framework in Frameworks */,
			);
			runOnlyForDeploymentPostprocessing = 0;
		};
/* End PBXFrameworksBuildPhase section */

/* Begin PBXGroup section */
		2F2A391A1EC114EC00360C19 /* Settings */ = {
			isa = PBXGroup;
			children = (
				2F2A392F1EC4D0EB00360C19 /* PasscodeView.swift */,
				2F2A39321EC4D7D500360C19 /* EmailSettingsView.swift */,
				2F2A391B1EC114FF00360C19 /* SettingsHome.swift */,
				2F2A391D1EC116D700360C19 /* PasscodeSettings.swift */,
			);
			path = Settings;
			sourceTree = "<group>";
		};
		2F2A39231EC23B1F00360C19 /* CustomUIElements */ = {
			isa = PBXGroup;
			children = (
				2FAAE00D1EE74056007C98BA /* UIAttributedActionSheet.swift */,
				2F799F031EDB453400FF7E18 /* UIProgressRing.swift */,
				2FAAE00F1EE7412F007C98BA /* UIAttributedActionSheetDelegate.swift */,
				2FAAE0111EE742E4007C98BA /* UIAttributedActionSheetCell.swift */,
			);
			path = CustomUIElements;
			sourceTree = "<group>";
		};
		2F2A39241EC23B1F00360C19 /* Protocols */ = {
			isa = PBXGroup;
			children = (
				2FECC0511EC8F62E00228091 /* Dependable.swift */,
				2F7D15431EAE99CC000490A6 /* Protocols.swift */,
				2F7D153E1EAE99CC000490A6 /* ErrorNotifiable.swift */,
				2F7D15401EAE99CC000490A6 /* FolderRetreiveable.swift */,
				2F7D15411EAE99CC000490A6 /* ImportHandeable.swift */,
				2F7D15421EAE99CC000490A6 /* NativeExtensions.swift */,
				2F7D15461EAE99CC000490A6 /* UserLibraryRetreivable.swift */,
				2FE6956B1EB14BA3005A9937 /* UploadHandleable.swift */,
				2FECC0531ECA38A000228091 /* Adaptable.swift */,
				2F2314A01ED64E2400571E5C /* PathExtensions.swift */,
			);
			path = Protocols;
			sourceTree = "<group>";
		};
		2F2A39251EC23B1F00360C19 /* Airlaunch */ = {
			isa = PBXGroup;
			children = (
				2F7D153A1EAE87AF000490A6 /* AirlaunchViewController.swift */,
				2F7D15521EAE9DB1000490A6 /* NetworkingInfo.swift */,
				2FE695351EAFA4D1005A9937 /* AirlaunchServers.swift */,
				2FE695691EB115B8005A9937 /* AirlaunchBrowser.swift */,
				2FE695FF1EB7D3F7005A9937 /* DependencyLinks.swift */,
				2FE696011EB7DA79005A9937 /* POSTServers.swift */,
				2FE696031EB7F75B005A9937 /* ErrorPage.swift */,
			);
			path = Airlaunch;
			sourceTree = "<group>";
		};
		2F2A39261EC23B1F00360C19 /* CollectionViews */ = {
			isa = PBXGroup;
			children = (
				2F4D67F21EA53AB400A81573 /* Cells.swift */,
				2F4D67FF1EA67DE000A81573 /* MediaPickerViewController.swift */,
				2F799F051EDB486600FF7E18 /* ImportViewController.swift */,
				2F799F0B1EDC915000FF7E18 /* ComputerImportViewController.swift */,
			);
			path = CollectionViews;
			sourceTree = "<group>";
		};
		2F4D67C01EA5351B00A81573 = {
			isa = PBXGroup;
			children = (
				2F4D67CB1EA5351B00A81573 /* Pocket Clouds */,
				2F4D67CA1EA5351B00A81573 /* Products */,
				7268DA7A7274C968CD846199 /* Pods */,
				EB19B704053E60E0F13276B6 /* Frameworks */,
			);
			sourceTree = "<group>";
		};
		2F4D67CA1EA5351B00A81573 /* Products */ = {
			isa = PBXGroup;
			children = (
				2F4D67C91EA5351B00A81573 /* Pocket Clouds.app */,
			);
			name = Products;
			sourceTree = "<group>";
		};
		2F4D67CB1EA5351B00A81573 /* Pocket Clouds */ = {
			isa = PBXGroup;
			children = (
				2F6E5A1D1EE1CB0900B36CD8 /* ActionMenu */,
				2FF9E3341ED322930038DD41 /* FileViewer */,
				2F2A39231EC23B1F00360C19 /* CustomUIElements */,
				2F2A391A1EC114EC00360C19 /* Settings */,
				2F2A39251EC23B1F00360C19 /* Airlaunch */,
				2F2A39241EC23B1F00360C19 /* Protocols */,
				2FE695441EAFC669005A9937 /* websiteResources */,
				2F2A39261EC23B1F00360C19 /* CollectionViews */,
				2FE10D0D1EC8E87D005F36D9 /* Various */,
				2F4D67CC1EA5351B00A81573 /* AppDelegate.swift */,
				2FECC0571ECB97C200228091 /* AuthenticationView.swift */,
				2F4D67D01EA5351B00A81573 /* Main.storyboard */,
				2F4D67D31EA5351B00A81573 /* Assets.xcassets */,
				2F4D67D51EA5351B00A81573 /* LaunchScreen.storyboard */,
				2F4D67D81EA5351B00A81573 /* Info.plist */,
				2FC2C5491EE484CD00E947DB /* UIButtonMenu.xib */,
			);
			path = "Pocket Clouds";
			sourceTree = "<group>";
		};
		2F6E5A1D1EE1CB0900B36CD8 /* ActionMenu */ = {
			isa = PBXGroup;
			children = (
				2F6E5A1E1EE1CB2100B36CD8 /* FileActionMenuView.swift */,
				2F0B8D851EE1E07500161BFA /* RichTextViewController.swift */,
				2F8E966A1EE3214A000DBEAB /* TextEditorKeyboardAccessory.swift */,
				2F1050DC1EE32EC100274FD2 /* TextEditorKeyboardDelegate.swift */,
				2F1050DE1EE3538000274FD2 /* TextEditorOptions.swift */,
			);
			name = ActionMenu;
			sourceTree = "<group>";
		};
		2FE10D0D1EC8E87D005F36D9 /* Various */ = {
			isa = PBXGroup;
			children = (
				2F76FF861EBFAA25004B69AB /* DeviceModel.swift */,
				2FE6956F1EB4E8FC005A9937 /* WebViewController.swift */,
				2FF151F41ECF654F00E596DA /* ImageViewController.swift */,
				2F2314A41ED750FD00571E5C /* SortingOptions.swift */,
			);
			path = Various;
			sourceTree = "<group>";
		};
		2FF9E3341ED322930038DD41 /* FileViewer */ = {
			isa = PBXGroup;
			children = (
				2FF9E3351ED322A40038DD41 /* FileViewer.swift */,
				2FF9E3371ED368DF0038DD41 /* FileViewControllerr.swift */,
				2FF9E3391ED378000038DD41 /* FolderViewControllerr.swift */,
				2FF9E33B1ED382630038DD41 /* InitialNavigationController.swift */,
				2F4A75731ED4A1D900B25294 /* QueueViewController.swift */,
				2F23149E1ED6269100571E5C /* File.swift */,
				2F799EFF1EDB09F000FF7E18 /* FileActionMenuExtension.swift */,
			);
			path = FileViewer;
			sourceTree = "<group>";
		};
		7268DA7A7274C968CD846199 /* Pods */ = {
			isa = PBXGroup;
			children = (
				017B5AEB7A605D56B8DE8709 /* Pods-Pocket Clouds.debug.xcconfig */,
				ED5E82688616B91BFAC946FB /* Pods-Pocket Clouds.release.xcconfig */,
			);
			name = Pods;
			sourceTree = "<group>";
		};
		EB19B704053E60E0F13276B6 /* Frameworks */ = {
			isa = PBXGroup;
			children = (
				C8A11D871FE53CDCBBD1BD78 /* Pods_Pocket_Clouds.framework */,
			);
			name = Frameworks;
			sourceTree = "<group>";
		};
/* End PBXGroup section */

/* Begin PBXNativeTarget section */
		2F4D67C81EA5351B00A81573 /* Pocket Clouds */ = {
			isa = PBXNativeTarget;
			buildConfigurationList = 2F4D67DB1EA5351B00A81573 /* Build configuration list for PBXNativeTarget "Pocket Clouds" */;
			buildPhases = (
				1D710D2E88D0071BDF1A6EEC /* [CP] Check Pods Manifest.lock */,
				2F4D67C51EA5351B00A81573 /* Sources */,
				2F4D67C61EA5351B00A81573 /* Frameworks */,
				2F4D67C71EA5351B00A81573 /* Resources */,
				3B0AE467D97D36AE905267CC /* [CP] Embed Pods Frameworks */,
				F8F7161115814757924D9F2F /* [CP] Copy Pods Resources */,
			);
			buildRules = (
			);
			dependencies = (
			);
			name = "Pocket Clouds";
			productName = "Pocket Clouds";
			productReference = 2F4D67C91EA5351B00A81573 /* Pocket Clouds.app */;
			productType = "com.apple.product-type.application";
		};
/* End PBXNativeTarget section */

/* Begin PBXProject section */
		2F4D67C11EA5351B00A81573 /* Project object */ = {
			isa = PBXProject;
			attributes = {
				LastSwiftUpdateCheck = 0820;
				LastUpgradeCheck = 0820;
				ORGANIZATIONNAME = TylerSwann;
				TargetAttributes = {
					2F4D67C81EA5351B00A81573 = {
						CreatedOnToolsVersion = 8.2.1;
						DevelopmentTeam = 74RTRY2KE4;
						ProvisioningStyle = Automatic;
					};
				};
			};
			buildConfigurationList = 2F4D67C41EA5351B00A81573 /* Build configuration list for PBXProject "Pocket Clouds" */;
			compatibilityVersion = "Xcode 3.2";
			developmentRegion = English;
			hasScannedForEncodings = 0;
			knownRegions = (
				en,
				Base,
			);
			mainGroup = 2F4D67C01EA5351B00A81573;
			productRefGroup = 2F4D67CA1EA5351B00A81573 /* Products */;
			projectDirPath = "";
			projectRoot = "";
			targets = (
				2F4D67C81EA5351B00A81573 /* Pocket Clouds */,
			);
		};
/* End PBXProject section */

/* Begin PBXResourcesBuildPhase section */
		2F4D67C71EA5351B00A81573 /* Resources */ = {
			isa = PBXResourcesBuildPhase;
			buildActionMask = 2147483647;
			files = (
				2F4D67D71EA5351B00A81573 /* LaunchScreen.storyboard in Resources */,
				2F4D67D41EA5351B00A81573 /* Assets.xcassets in Resources */,
				2FC2C54A1EE484CD00E947DB /* UIButtonMenu.xib in Resources */,
				2FE695451EAFC669005A9937 /* websiteResources in Resources */,
				2F4D67D21EA5351B00A81573 /* Main.storyboard in Resources */,
			);
			runOnlyForDeploymentPostprocessing = 0;
		};
/* End PBXResourcesBuildPhase section */

/* Begin PBXShellScriptBuildPhase section */
		1D710D2E88D0071BDF1A6EEC /* [CP] Check Pods Manifest.lock */ = {
			isa = PBXShellScriptBuildPhase;
			buildActionMask = 2147483647;
			files = (
			);
			inputPaths = (
			);
			name = "[CP] Check Pods Manifest.lock";
			outputPaths = (
			);
			runOnlyForDeploymentPostprocessing = 0;
			shellPath = /bin/sh;
			shellScript = "diff \"${PODS_ROOT}/../Podfile.lock\" \"${PODS_ROOT}/Manifest.lock\" > /dev/null\nif [ $? != 0 ] ; then\n    # print error to STDERR\n    echo \"error: The sandbox is not in sync with the Podfile.lock. Run 'pod install' or update your CocoaPods installation.\" >&2\n    exit 1\nfi\n";
			showEnvVarsInLog = 0;
		};
		3B0AE467D97D36AE905267CC /* [CP] Embed Pods Frameworks */ = {
			isa = PBXShellScriptBuildPhase;
			buildActionMask = 2147483647;
			files = (
			);
			inputPaths = (
			);
			name = "[CP] Embed Pods Frameworks";
			outputPaths = (
			);
			runOnlyForDeploymentPostprocessing = 0;
			shellPath = /bin/sh;
			shellScript = "\"${SRCROOT}/Pods/Target Support Files/Pods-Pocket Clouds/Pods-Pocket Clouds-frameworks.sh\"\n";
			showEnvVarsInLog = 0;
		};
		F8F7161115814757924D9F2F /* [CP] Copy Pods Resources */ = {
			isa = PBXShellScriptBuildPhase;
			buildActionMask = 2147483647;
			files = (
			);
			inputPaths = (
			);
			name = "[CP] Copy Pods Resources";
			outputPaths = (
			);
			runOnlyForDeploymentPostprocessing = 0;
			shellPath = /bin/sh;
			shellScript = "\"${SRCROOT}/Pods/Target Support Files/Pods-Pocket Clouds/Pods-Pocket Clouds-resources.sh\"\n";
			showEnvVarsInLog = 0;
		};
/* End PBXShellScriptBuildPhase section */

/* Begin PBXSourcesBuildPhase section */
		2F4D67C51EA5351B00A81573 /* Sources */ = {
			isa = PBXSourcesBuildPhase;
			buildActionMask = 2147483647;
			files = (
				2F2A39301EC4D0EB00360C19 /* PasscodeView.swift in Sources */,
				2F7D15511EAE99CC000490A6 /* UserLibraryRetreivable.swift in Sources */,
				2FE695701EB4E8FC005A9937 /* WebViewController.swift in Sources */,
				2F799F0C1EDC915000FF7E18 /* ComputerImportViewController.swift in Sources */,
				2F7D153B1EAE87AF000490A6 /* AirlaunchViewController.swift in Sources */,
				2F7D154C1EAE99CC000490A6 /* ImportHandeable.swift in Sources */,
				2F799F001EDB09F000FF7E18 /* FileActionMenuExtension.swift in Sources */,
				2F7D15531EAE9DB1000490A6 /* NetworkingInfo.swift in Sources */,
				2F799F061EDB486600FF7E18 /* ImportViewController.swift in Sources */,
				2F2314A11ED64E2400571E5C /* PathExtensions.swift in Sources */,
				2F4D67F31EA53AB400A81573 /* Cells.swift in Sources */,
				2FF9E33A1ED378000038DD41 /* FolderViewControllerr.swift in Sources */,
				2FF9E33C1ED382630038DD41 /* InitialNavigationController.swift in Sources */,
				2F4D68001EA67DE000A81573 /* MediaPickerViewController.swift in Sources */,
				2F2314A51ED750FD00571E5C /* SortingOptions.swift in Sources */,
				2FF9E3381ED368DF0038DD41 /* FileViewControllerr.swift in Sources */,
				2FECC0521EC8F62E00228091 /* Dependable.swift in Sources */,
				2FECC0541ECA38A000228091 /* Adaptable.swift in Sources */,
				2F76FF871EBFAA25004B69AB /* DeviceModel.swift in Sources */,
				2FE695361EAFA4D1005A9937 /* AirlaunchServers.swift in Sources */,
				2F4A75741ED4A1D900B25294 /* QueueViewController.swift in Sources */,
				2FF9E3361ED322A40038DD41 /* FileViewer.swift in Sources */,
				2FAAE0101EE7412F007C98BA /* UIAttributedActionSheetDelegate.swift in Sources */,
				2F1050DF1EE3538000274FD2 /* TextEditorOptions.swift in Sources */,
				2F23149F1ED6269100571E5C /* File.swift in Sources */,
				2FE696041EB7F75B005A9937 /* ErrorPage.swift in Sources */,
				2F0B8D861EE1E07500161BFA /* RichTextViewController.swift in Sources */,
				2FAAE00E1EE74056007C98BA /* UIAttributedActionSheet.swift in Sources */,
				2F8E966B1EE3214A000DBEAB /* TextEditorKeyboardAccessory.swift in Sources */,
				2F2A391E1EC116D700360C19 /* PasscodeSettings.swift in Sources */,
				2FECC0581ECB97C200228091 /* AuthenticationView.swift in Sources */,
				2FE696021EB7DA79005A9937 /* POSTServers.swift in Sources */,
				2F4D67CD1EA5351B00A81573 /* AppDelegate.swift in Sources */,
				2F7D154E1EAE99CC000490A6 /* Protocols.swift in Sources */,
				2F7D154D1EAE99CC000490A6 /* NativeExtensions.swift in Sources */,
				2F799F041EDB453400FF7E18 /* UIProgressRing.swift in Sources */,
				2F6E5A1F1EE1CB2100B36CD8 /* FileActionMenuView.swift in Sources */,
				2FE696001EB7D3F7005A9937 /* DependencyLinks.swift in Sources */,
				2F2A39331EC4D7D500360C19 /* EmailSettingsView.swift in Sources */,
				2FF151F51ECF654F00E596DA /* ImageViewController.swift in Sources */,
				2FE6956A1EB115B8005A9937 /* AirlaunchBrowser.swift in Sources */,
				2FE6956C1EB14BA3005A9937 /* UploadHandleable.swift in Sources */,
				2FAAE0121EE742E4007C98BA /* UIAttributedActionSheetCell.swift in Sources */,
				2F2A391C1EC114FF00360C19 /* SettingsHome.swift in Sources */,
				2F1050DD1EE32EC100274FD2 /* TextEditorKeyboardDelegate.swift in Sources */,
				2F7D15491EAE99CC000490A6 /* ErrorNotifiable.swift in Sources */,
				2F7D154B1EAE99CC000490A6 /* FolderRetreiveable.swift in Sources */,
			);
			runOnlyForDeploymentPostprocessing = 0;
		};
/* End PBXSourcesBuildPhase section */

/* Begin PBXVariantGroup section */
		2F4D67D01EA5351B00A81573 /* Main.storyboard */ = {
			isa = PBXVariantGroup;
			children = (
				2F4D67D11EA5351B00A81573 /* Base */,
			);
			name = Main.storyboard;
			sourceTree = "<group>";
		};
		2F4D67D51EA5351B00A81573 /* LaunchScreen.storyboard */ = {
			isa = PBXVariantGroup;
			children = (
				2F4D67D61EA5351B00A81573 /* Base */,
			);
			name = LaunchScreen.storyboard;
			sourceTree = "<group>";
		};
/* End PBXVariantGroup section */

/* Begin XCBuildConfiguration section */
		2F4D67D91EA5351B00A81573 /* Debug */ = {
			isa = XCBuildConfiguration;
			buildSettings = {
				ALWAYS_SEARCH_USER_PATHS = NO;
				CLANG_ANALYZER_NONNULL = YES;
				CLANG_CXX_LANGUAGE_STANDARD = "gnu++0x";
				CLANG_CXX_LIBRARY = "libc++";
				CLANG_ENABLE_MODULES = YES;
				CLANG_ENABLE_OBJC_ARC = YES;
				CLANG_WARN_BOOL_CONVERSION = YES;
				CLANG_WARN_CONSTANT_CONVERSION = YES;
				CLANG_WARN_DIRECT_OBJC_ISA_USAGE = YES_ERROR;
				CLANG_WARN_DOCUMENTATION_COMMENTS = YES;
				CLANG_WARN_EMPTY_BODY = YES;
				CLANG_WARN_ENUM_CONVERSION = YES;
				CLANG_WARN_INFINITE_RECURSION = YES;
				CLANG_WARN_INT_CONVERSION = YES;
				CLANG_WARN_OBJC_ROOT_CLASS = YES_ERROR;
				CLANG_WARN_SUSPICIOUS_MOVE = YES;
				CLANG_WARN_UNREACHABLE_CODE = YES;
				CLANG_WARN__DUPLICATE_METHOD_MATCH = YES;
				"CODE_SIGN_IDENTITY[sdk=iphoneos*]" = "iPhone Developer";
				COPY_PHASE_STRIP = NO;
				DEBUG_INFORMATION_FORMAT = dwarf;
				ENABLE_STRICT_OBJC_MSGSEND = YES;
				ENABLE_TESTABILITY = YES;
				GCC_C_LANGUAGE_STANDARD = gnu99;
				GCC_DYNAMIC_NO_PIC = NO;
				GCC_NO_COMMON_BLOCKS = YES;
				GCC_OPTIMIZATION_LEVEL = 0;
				GCC_PREPROCESSOR_DEFINITIONS = (
					"DEBUG=1",
					"$(inherited)",
				);
				GCC_WARN_64_TO_32_BIT_CONVERSION = YES;
				GCC_WARN_ABOUT_RETURN_TYPE = YES_ERROR;
				GCC_WARN_UNDECLARED_SELECTOR = YES;
				GCC_WARN_UNINITIALIZED_AUTOS = YES_AGGRESSIVE;
				GCC_WARN_UNUSED_FUNCTION = YES;
				GCC_WARN_UNUSED_VARIABLE = YES;
				IPHONEOS_DEPLOYMENT_TARGET = 10.2;
				MTL_ENABLE_DEBUG_INFO = YES;
				ONLY_ACTIVE_ARCH = YES;
				SDKROOT = iphoneos;
				SWIFT_ACTIVE_COMPILATION_CONDITIONS = DEBUG;
				SWIFT_OPTIMIZATION_LEVEL = "-Onone";
			};
			name = Debug;
		};
		2F4D67DA1EA5351B00A81573 /* Release */ = {
			isa = XCBuildConfiguration;
			buildSettings = {
				ALWAYS_SEARCH_USER_PATHS = NO;
				CLANG_ANALYZER_NONNULL = YES;
				CLANG_CXX_LANGUAGE_STANDARD = "gnu++0x";
				CLANG_CXX_LIBRARY = "libc++";
				CLANG_ENABLE_MODULES = YES;
				CLANG_ENABLE_OBJC_ARC = YES;
				CLANG_WARN_BOOL_CONVERSION = YES;
				CLANG_WARN_CONSTANT_CONVERSION = YES;
				CLANG_WARN_DIRECT_OBJC_ISA_USAGE = YES_ERROR;
				CLANG_WARN_DOCUMENTATION_COMMENTS = YES;
				CLANG_WARN_EMPTY_BODY = YES;
				CLANG_WARN_ENUM_CONVERSION = YES;
				CLANG_WARN_INFINITE_RECURSION = YES;
				CLANG_WARN_INT_CONVERSION = YES;
				CLANG_WARN_OBJC_ROOT_CLASS = YES_ERROR;
				CLANG_WARN_SUSPICIOUS_MOVE = YES;
				CLANG_WARN_UNREACHABLE_CODE = YES;
				CLANG_WARN__DUPLICATE_METHOD_MATCH = YES;
				"CODE_SIGN_IDENTITY[sdk=iphoneos*]" = "iPhone Developer";
				COPY_PHASE_STRIP = NO;
				DEBUG_INFORMATION_FORMAT = "dwarf-with-dsym";
				ENABLE_NS_ASSERTIONS = NO;
				ENABLE_STRICT_OBJC_MSGSEND = YES;
				GCC_C_LANGUAGE_STANDARD = gnu99;
				GCC_NO_COMMON_BLOCKS = YES;
				GCC_WARN_64_TO_32_BIT_CONVERSION = YES;
				GCC_WARN_ABOUT_RETURN_TYPE = YES_ERROR;
				GCC_WARN_UNDECLARED_SELECTOR = YES;
				GCC_WARN_UNINITIALIZED_AUTOS = YES_AGGRESSIVE;
				GCC_WARN_UNUSED_FUNCTION = YES;
				GCC_WARN_UNUSED_VARIABLE = YES;
				IPHONEOS_DEPLOYMENT_TARGET = 10.2;
				MTL_ENABLE_DEBUG_INFO = NO;
				SDKROOT = iphoneos;
				SWIFT_OPTIMIZATION_LEVEL = "-Owholemodule";
				VALIDATE_PRODUCT = YES;
			};
			name = Release;
		};
		2F4D67DC1EA5351B00A81573 /* Debug */ = {
			isa = XCBuildConfiguration;
			baseConfigurationReference = 017B5AEB7A605D56B8DE8709 /* Pods-Pocket Clouds.debug.xcconfig */;
			buildSettings = {
				ASSETCATALOG_COMPILER_APPICON_NAME = AppIcon;
				DEVELOPMENT_TEAM = 74RTRY2KE4;
				INFOPLIST_FILE = "Pocket Clouds/Info.plist";
				LD_RUNPATH_SEARCH_PATHS = "$(inherited) @executable_path/Frameworks";
				LIBRARY_SEARCH_PATHS = (
					"$(inherited)",
					"$(PROJECT_DIR)/Pocket\\ Clouds/Various/Old/AutoEmailTest/Pods/mailcore2-ios/lib",
				);
				PRODUCT_BUNDLE_IDENTIFIER = "TylerSwann.Pocket-Clouds";
				PRODUCT_NAME = "$(TARGET_NAME)";
				SWIFT_VERSION = 3.0;
			};
			name = Debug;
		};
		2F4D67DD1EA5351B00A81573 /* Release */ = {
			isa = XCBuildConfiguration;
			baseConfigurationReference = ED5E82688616B91BFAC946FB /* Pods-Pocket Clouds.release.xcconfig */;
			buildSettings = {
				ASSETCATALOG_COMPILER_APPICON_NAME = AppIcon;
				DEVELOPMENT_TEAM = 74RTRY2KE4;
				INFOPLIST_FILE = "Pocket Clouds/Info.plist";
				LD_RUNPATH_SEARCH_PATHS = "$(inherited) @executable_path/Frameworks";
				LIBRARY_SEARCH_PATHS = (
					"$(inherited)",
					"$(PROJECT_DIR)/Pocket\\ Clouds/Various/Old/AutoEmailTest/Pods/mailcore2-ios/lib",
				);
				PRODUCT_BUNDLE_IDENTIFIER = "TylerSwann.Pocket-Clouds";
				PRODUCT_NAME = "$(TARGET_NAME)";
				SWIFT_VERSION = 3.0;
			};
			name = Release;
		};
/* End XCBuildConfiguration section */

/* Begin XCConfigurationList section */
		2F4D67C41EA5351B00A81573 /* Build configuration list for PBXProject "Pocket Clouds" */ = {
			isa = XCConfigurationList;
			buildConfigurations = (
				2F4D67D91EA5351B00A81573 /* Debug */,
				2F4D67DA1EA5351B00A81573 /* Release */,
			);
			defaultConfigurationIsVisible = 0;
			defaultConfigurationName = Release;
		};
		2F4D67DB1EA5351B00A81573 /* Build configuration list for PBXNativeTarget "Pocket Clouds" */ = {
			isa = XCConfigurationList;
			buildConfigurations = (
				2F4D67DC1EA5351B00A81573 /* Debug */,
				2F4D67DD1EA5351B00A81573 /* Release */,
			);
			defaultConfigurationIsVisible = 0;
			defaultConfigurationName = Release;
		};
/* End XCConfigurationList section */
	};
	rootObject = 2F4D67C11EA5351B00A81573 /* Project object */;
}
